// !$*UTF8*$!
{
	archiveVersion = 1;
	classes = {
	};
	objectVersion = 55;
	objects = {

/* Begin PBXBuildFile section */
		9C08940C27B263B500769835 /* AppDelegate.swift in Sources */ = {isa = PBXBuildFile; fileRef = 9C08940B27B263B500769835 /* AppDelegate.swift */; };
		9C08940E27B263B500769835 /* SceneDelegate.swift in Sources */ = {isa = PBXBuildFile; fileRef = 9C08940D27B263B500769835 /* SceneDelegate.swift */; };
		9C08941327B263B500769835 /* Main.storyboard in Resources */ = {isa = PBXBuildFile; fileRef = 9C08941127B263B500769835 /* Main.storyboard */; };
		9C08941527B263B600769835 /* Assets.xcassets in Resources */ = {isa = PBXBuildFile; fileRef = 9C08941427B263B600769835 /* Assets.xcassets */; };
		9C08941827B263B600769835 /* LaunchScreen.storyboard in Resources */ = {isa = PBXBuildFile; fileRef = 9C08941627B263B600769835 /* LaunchScreen.storyboard */; };
		9C08942027B2695F00769835 /* RickAndMorty.swift in Sources */ = {isa = PBXBuildFile; fileRef = 9C08941F27B2695F00769835 /* RickAndMorty.swift */; };
		9C08942327B2703900769835 /* CharacterViewController.swift in Sources */ = {isa = PBXBuildFile; fileRef = 9C08942227B2703900769835 /* CharacterViewController.swift */; };
		9C08942527B2742F00769835 /* TableViewCell.swift in Sources */ = {isa = PBXBuildFile; fileRef = 9C08942427B2742F00769835 /* TableViewCell.swift */; };
		9C08942727B276AC00769835 /* NetworkManager.swift in Sources */ = {isa = PBXBuildFile; fileRef = 9C08942627B276AC00769835 /* NetworkManager.swift */; };
		9C08942927B29BA000769835 /* CharterDetailsViewController.swift in Sources */ = {isa = PBXBuildFile; fileRef = 9C08942827B29BA000769835 /* CharterDetailsViewController.swift */; };
		9C08942D27B2B8BB00769835 /* CharacterImageView.swift in Sources */ = {isa = PBXBuildFile; fileRef = 9C08942C27B2B8BB00769835 /* CharacterImageView.swift */; };
/* End PBXBuildFile section */

/* Begin PBXFileReference section */
		9C08940827B263B500769835 /* JsonRickAndMorty.app */ = {isa = PBXFileReference; explicitFileType = wrapper.application; includeInIndex = 0; path = JsonRickAndMorty.app; sourceTree = BUILT_PRODUCTS_DIR; };
		9C08940B27B263B500769835 /* AppDelegate.swift */ = {isa = PBXFileReference; lastKnownFileType = sourcecode.swift; path = AppDelegate.swift; sourceTree = "<group>"; };
		9C08940D27B263B500769835 /* SceneDelegate.swift */ = {isa = PBXFileReference; lastKnownFileType = sourcecode.swift; path = SceneDelegate.swift; sourceTree = "<group>"; };
		9C08941227B263B500769835 /* Base */ = {isa = PBXFileReference; lastKnownFileType = file.storyboard; name = Base; path = Base.lproj/Main.storyboard; sourceTree = "<group>"; };
		9C08941427B263B600769835 /* Assets.xcassets */ = {isa = PBXFileReference; lastKnownFileType = folder.assetcatalog; path = Assets.xcassets; sourceTree = "<group>"; };
		9C08941727B263B600769835 /* Base */ = {isa = PBXFileReference; lastKnownFileType = file.storyboard; name = Base; path = Base.lproj/LaunchScreen.storyboard; sourceTree = "<group>"; };
		9C08941927B263B600769835 /* Info.plist */ = {isa = PBXFileReference; lastKnownFileType = text.plist.xml; path = Info.plist; sourceTree = "<group>"; };
		9C08941F27B2695F00769835 /* RickAndMorty.swift */ = {isa = PBXFileReference; lastKnownFileType = sourcecode.swift; path = RickAndMorty.swift; sourceTree = "<group>"; };
		9C08942227B2703900769835 /* CharacterViewController.swift */ = {isa = PBXFileReference; lastKnownFileType = sourcecode.swift; path = CharacterViewController.swift; sourceTree = "<group>"; };
		9C08942427B2742F00769835 /* TableViewCell.swift */ = {isa = PBXFileReference; lastKnownFileType = sourcecode.swift; path = TableViewCell.swift; sourceTree = "<group>"; };
		9C08942627B276AC00769835 /* NetworkManager.swift */ = {isa = PBXFileReference; lastKnownFileType = sourcecode.swift; path = NetworkManager.swift; sourceTree = "<group>"; };
		9C08942827B29BA000769835 /* CharterDetailsViewController.swift */ = {isa = PBXFileReference; lastKnownFileType = sourcecode.swift; path = CharterDetailsViewController.swift; sourceTree = "<group>"; };
		9C08942C27B2B8BB00769835 /* CharacterImageView.swift */ = {isa = PBXFileReference; lastKnownFileType = sourcecode.swift; path = CharacterImageView.swift; sourceTree = "<group>"; };
/* End PBXFileReference section */

/* Begin PBXFrameworksBuildPhase section */
		9C08940527B263B500769835 /* Frameworks */ = {
			isa = PBXFrameworksBuildPhase;
			buildActionMask = 2147483647;
			files = (
			);
			runOnlyForDeploymentPostprocessing = 0;
		};
/* End PBXFrameworksBuildPhase section */

/* Begin PBXGroup section */
		9C0893FF27B263B500769835 = {
			isa = PBXGroup;
			children = (
				9C08940A27B263B500769835 /* JsonRickAndMorty */,
				9C08940927B263B500769835 /* Products */,
			);
			sourceTree = "<group>";
		};
		9C08940927B263B500769835 /* Products */ = {
			isa = PBXGroup;
			children = (
				9C08940827B263B500769835 /* JsonRickAndMorty.app */,
			);
			name = Products;
			sourceTree = "<group>";
		};
		9C08940A27B263B500769835 /* JsonRickAndMorty */ = {
			isa = PBXGroup;
			children = (
				9C08940B27B263B500769835 /* AppDelegate.swift */,
				9C08941F27B2695F00769835 /* RickAndMorty.swift */,
				9C08942C27B2B8BB00769835 /* CharacterImageView.swift */,
				9C08942627B276AC00769835 /* NetworkManager.swift */,
				9C08942227B2703900769835 /* CharacterViewController.swift */,
				9C08942427B2742F00769835 /* TableViewCell.swift */,
				9C08942827B29BA000769835 /* CharterDetailsViewController.swift */,
				9C08940D27B263B500769835 /* SceneDelegate.swift */,
				9C08941127B263B500769835 /* Main.storyboard */,
				9C08941427B263B600769835 /* Assets.xcassets */,
				9C08941627B263B600769835 /* LaunchScreen.storyboard */,
				9C08941927B263B600769835 /* Info.plist */,
			);
			path = JsonRickAndMorty;
			sourceTree = "<group>";
		};
/* End PBXGroup section */

/* Begin PBXNativeTarget section */
		9C08940727B263B500769835 /* JsonRickAndMorty */ = {
			isa = PBXNativeTarget;
			buildConfigurationList = 9C08941C27B263B600769835 /* Build configuration list for PBXNativeTarget "JsonRickAndMorty" */;
			buildPhases = (
				9C08940427B263B500769835 /* Sources */,
				9C08940527B263B500769835 /* Frameworks */,
				9C08940627B263B500769835 /* Resources */,
			);
			buildRules = (
			);
			dependencies = (
			);
			name = JsonRickAndMorty;
			productName = JsonRickAndMorty;
			productReference = 9C08940827B263B500769835 /* JsonRickAndMorty.app */;
			productType = "com.apple.product-type.application";
		};
/* End PBXNativeTarget section */

/* Begin PBXProject section */
		9C08940027B263B500769835 /* Project object */ = {
			isa = PBXProject;
			attributes = {
				BuildIndependentTargetsInParallel = 1;
				LastSwiftUpdateCheck = 1320;
				LastUpgradeCheck = 1320;
				TargetAttributes = {
					9C08940727B263B500769835 = {
						CreatedOnToolsVersion = 13.2.1;
					};
				};
			};
			buildConfigurationList = 9C08940327B263B500769835 /* Build configuration list for PBXProject "JsonRickAndMorty" */;
			compatibilityVersion = "Xcode 13.0";
			developmentRegion = en;
			hasScannedForEncodings = 0;
			knownRegions = (
				en,
				Base,
			);
			mainGroup = 9C0893FF27B263B500769835;
			productRefGroup = 9C08940927B263B500769835 /* Products */;
			projectDirPath = "";
			projectRoot = "";
			targets = (
				9C08940727B263B500769835 /* JsonRickAndMorty */,
			);
		};
/* End PBXProject section */

/* Begin PBXResourcesBuildPhase section */
		9C08940627B263B500769835 /* Resources */ = {
			isa = PBXResourcesBuildPhase;
			buildActionMask = 2147483647;
			files = (
				9C08941827B263B600769835 /* LaunchScreen.storyboard in Resources */,
				9C08941527B263B600769835 /* Assets.xcassets in Resources */,
				9C08941327B263B500769835 /* Main.storyboard in Resources */,
			);
			runOnlyForDeploymentPostprocessing = 0;
		};
/* End PBXResourcesBuildPhase section */

/* Begin PBXSourcesBuildPhase section */
		9C08940427B263B500769835 /* Sources */ = {
			isa = PBXSourcesBuildPhase;
			buildActionMask = 2147483647;
			files = (
				9C08942927B29BA000769835 /* CharterDetailsViewController.swift in Sources */,
				9C08942727B276AC00769835 /* NetworkManager.swift in Sources */,
				9C08942527B2742F00769835 /* TableViewCell.swift in Sources */,
				9C08942327B2703900769835 /* CharacterViewController.swift in Sources */,
				9C08942027B2695F00769835 /* RickAndMorty.swift in Sources */,
				9C08940C27B263B500769835 /* AppDelegate.swift in Sources */,
				9C08942D27B2B8BB00769835 /* CharacterImageView.swift in Sources */,
				9C08940E27B263B500769835 /* SceneDelegate.swift in Sources */,
			);
			runOnlyForDeploymentPostprocessing = 0;
		};
/* End PBXSourcesBuildPhase section */

/* Begin PBXVariantGroup section */
		9C08941127B263B500769835 /* Main.storyboard */ = {
			isa = PBXVariantGroup;
			children = (
				9C08941227B263B500769835 /* Base */,
			);
			name = Main.storyboard;
			sourceTree = "<group>";
		};
		9C08941627B263B600769835 /* LaunchScreen.storyboard */ = {
			isa = PBXVariantGroup;
			children = (
				9C08941727B263B600769835 /* Base */,
			);
			name = LaunchScreen.storyboard;
			sourceTree = "<group>";
		};
/* End PBXVariantGroup section */

/* Begin XCBuildConfiguration section */
		9C08941A27B263B600769835 /* Debug */ = {
			isa = XCBuildConfiguration;
			buildSettings = {
				ALWAYS_SEARCH_USER_PATHS = NO;
				CLANG_ANALYZER_NONNULL = YES;
				CLANG_ANALYZER_NUMBER_OBJECT_CONVERSION = YES_AGGRESSIVE;
				CLANG_CXX_LANGUAGE_STANDARD = "gnu++17";
				CLANG_CXX_LIBRARY = "libc++";
				CLANG_ENABLE_MODULES = YES;
				CLANG_ENABLE_OBJC_ARC = YES;
				CLANG_ENABLE_OBJC_WEAK = YES;
				CLANG_WARN_BLOCK_CAPTURE_AUTORELEASING = YES;
				CLANG_WARN_BOOL_CONVERSION = YES;
				CLANG_WARN_COMMA = YES;
				CLANG_WARN_CONSTANT_CONVERSION = YES;
				CLANG_WARN_DEPRECATED_OBJC_IMPLEMENTATIONS = YES;
				CLANG_WARN_DIRECT_OBJC_ISA_USAGE = YES_ERROR;
				CLANG_WARN_DOCUMENTATION_COMMENTS = YES;
				CLANG_WARN_EMPTY_BODY = YES;
				CLANG_WARN_ENUM_CONVERSION = YES;
				CLANG_WARN_INFINITE_RECURSION = YES;
				CLANG_WARN_INT_CONVERSION = YES;
				CLANG_WARN_NON_LITERAL_NULL_CONVERSION = YES;
				CLANG_WARN_OBJC_IMPLICIT_RETAIN_SELF = YES;
				CLANG_WARN_OBJC_LITERAL_CONVERSION = YES;
				CLANG_WARN_OBJC_ROOT_CLASS = YES_ERROR;
				CLANG_WARN_QUOTED_INCLUDE_IN_FRAMEWORK_HEADER = YES;
				CLANG_WARN_RANGE_LOOP_ANALYSIS = YES;
				CLANG_WARN_STRICT_PROTOTYPES = YES;
				CLANG_WARN_SUSPICIOUS_MOVE = YES;
				CLANG_WARN_UNGUARDED_AVAILABILITY = YES_AGGRESSIVE;
				CLANG_WARN_UNREACHABLE_CODE = YES;
				CLANG_WARN__DUPLICATE_METHOD_MATCH = YES;
				COPY_PHASE_STRIP = NO;
				DEBUG_INFORMATION_FORMAT = dwarf;
				ENABLE_STRICT_OBJC_MSGSEND = YES;
				ENABLE_TESTABILITY = YES;
				GCC_C_LANGUAGE_STANDARD = gnu11;
				GCC_DYNAMIC_NO_PIC = NO;
				GCC_NO_COMMON_BLOCKS = YES;
				GCC_OPTIMIZATION_LEVEL = 0;
				GCC_PREPROCESSOR_DEFINITIONS = (
					"DEBUG=1",
					"$(inherited)",
				);
				GCC_WARN_64_TO_32_BIT_CONVERSION = YES;
				GCC_WARN_ABOUT_RETURN_TYPE = YES_ERROR;
				GCC_WARN_UNDECLARED_SELECTOR = YES;
				GCC_WARN_UNINITIALIZED_AUTOS = YES_AGGRESSIVE;
				GCC_WARN_UNUSED_FUNCTION = YES;
				GCC_WARN_UNUSED_VARIABLE = YES;
				IPHONEOS_DEPLOYMENT_TARGET = 15.2;
				MTL_ENABLE_DEBUG_INFO = INCLUDE_SOURCE;
				MTL_FAST_MATH = YES;
				ONLY_ACTIVE_ARCH = YES;
				SDKROOT = iphoneos;
				SWIFT_ACTIVE_COMPILATION_CONDITIONS = DEBUG;
				SWIFT_OPTIMIZATION_LEVEL = "-Onone";
			};
			name = Debug;
		};
		9C08941B27B263B600769835 /* Release */ = {
			isa = XCBuildConfiguration;
			buildSettings = {
				ALWAYS_SEARCH_USER_PATHS = NO;
				CLANG_ANALYZER_NONNULL = YES;
				CLANG_ANALYZER_NUMBER_OBJECT_CONVERSION = YES_AGGRESSIVE;
				CLANG_CXX_LANGUAGE_STANDARD = "gnu++17";
				CLANG_CXX_LIBRARY = "libc++";
				CLANG_ENABLE_MODULES = YES;
				CLANG_ENABLE_OBJC_ARC = YES;
				CLANG_ENABLE_OBJC_WEAK = YES;
				CLANG_WARN_BLOCK_CAPTURE_AUTORELEASING = YES;
				CLANG_WARN_BOOL_CONVERSION = YES;
				CLANG_WARN_COMMA = YES;
				CLANG_WARN_CONSTANT_CONVERSION = YES;
				CLANG_WARN_DEPRECATED_OBJC_IMPLEMENTATIONS = YES;
				CLANG_WARN_DIRECT_OBJC_ISA_USAGE = YES_ERROR;
				CLANG_WARN_DOCUMENTATION_COMMENTS = YES;
				CLANG_WARN_EMPTY_BODY = YES;
				CLANG_WARN_ENUM_CONVERSION = YES;
				CLANG_WARN_INFINITE_RECURSION = YES;
				CLANG_WARN_INT_CONVERSION = YES;
				CLANG_WARN_NON_LITERAL_NULL_CONVERSION = YES;
				CLANG_WARN_OBJC_IMPLICIT_RETAIN_SELF = YES;
				CLANG_WARN_OBJC_LITERAL_CONVERSION = YES;
				CLANG_WARN_OBJC_ROOT_CLASS = YES_ERROR;
				CLANG_WARN_QUOTED_INCLUDE_IN_FRAMEWORK_HEADER = YES;
				CLANG_WARN_RANGE_LOOP_ANALYSIS = YES;
				CLANG_WARN_STRICT_PROTOTYPES = YES;
				CLANG_WARN_SUSPICIOUS_MOVE = YES;
				CLANG_WARN_UNGUARDED_AVAILABILITY = YES_AGGRESSIVE;
				CLANG_WARN_UNREACHABLE_CODE = YES;
				CLANG_WARN__DUPLICATE_METHOD_MATCH = YES;
				COPY_PHASE_STRIP = NO;
				DEBUG_INFORMATION_FORMAT = "dwarf-with-dsym";
				ENABLE_NS_ASSERTIONS = NO;
				ENABLE_STRICT_OBJC_MSGSEND = YES;
				GCC_C_LANGUAGE_STANDARD = gnu11;
				GCC_NO_COMMON_BLOCKS = YES;
				GCC_WARN_64_TO_32_BIT_CONVERSION = YES;
				GCC_WARN_ABOUT_RETURN_TYPE = YES_ERROR;
				GCC_WARN_UNDECLARED_SELECTOR = YES;
				GCC_WARN_UNINITIALIZED_AUTOS = YES_AGGRESSIVE;
				GCC_WARN_UNUSED_FUNCTION = YES;
				GCC_WARN_UNUSED_VARIABLE = YES;
				IPHONEOS_DEPLOYMENT_TARGET = 15.2;
				MTL_ENABLE_DEBUG_INFO = NO;
				MTL_FAST_MATH = YES;
				SDKROOT = iphoneos;
				SWIFT_COMPILATION_MODE = wholemodule;
				SWIFT_OPTIMIZATION_LEVEL = "-O";
				VALIDATE_PRODUCT = YES;
			};
			name = Release;
		};
		9C08941D27B263B600769835 /* Debug */ = {
			isa = XCBuildConfiguration;
			buildSettings = {
				ASSETCATALOG_COMPILER_APPICON_NAME = AppIcon;
				ASSETCATALOG_COMPILER_GLOBAL_ACCENT_COLOR_NAME = AccentColor;
				CODE_SIGN_STYLE = Automatic;
				CURRENT_PROJECT_VERSION = 1;
				DEVELOPMENT_TEAM = Q5RV2AMVQ8;
				GENERATE_INFOPLIST_FILE = YES;
				INFOPLIST_FILE = JsonRickAndMorty/Info.plist;
				INFOPLIST_KEY_UIApplicationSupportsIndirectInputEvents = YES;
				INFOPLIST_KEY_UILaunchStoryboardName = LaunchScreen;
				INFOPLIST_KEY_UIMainStoryboardFile = Main;
				INFOPLIST_KEY_UISupportedInterfaceOrientations_iPad = "UIInterfaceOrientationPortrait UIInterfaceOrientationPortraitUpsideDown UIInterfaceOrientationLandscapeLeft UIInterfaceOrientationLandscapeRight";
				INFOPLIST_KEY_UISupportedInterfaceOrientations_iPhone = "UIInterfaceOrientationPortrait UIInterfaceOrientationLandscapeLeft UIInterfaceOrientationLandscapeRight";
				LD_RUNPATH_SEARCH_PATHS = (
					"$(inherited)",
					"@executable_path/Frameworks",
				);
				MARKETING_VERSION = 1.0;
				PRODUCT_BUNDLE_IDENTIFIER = Bogdan.JsonRickAndMorty;
				PRODUCT_NAME = "$(TARGET_NAME)";
				SWIFT_EMIT_LOC_STRINGS = YES;
				SWIFT_VERSION = 5.0;
				TARGETED_DEVICE_FAMILY = 1;
			};
			name = Debug;
		};
		9C08941E27B263B600769835 /* Release */ = {
			isa = XCBuildConfiguration;
			buildSettings = {
				ASSETCATALOG_COMPILER_APPICON_NAME = AppIcon;
				ASSETCATALOG_COMPILER_GLOBAL_ACCENT_COLOR_NAME = AccentColor;
				CODE_SIGN_STYLE = Automatic;
				CURRENT_PROJECT_VERSION = 1;
				DEVELOPMENT_TEAM = Q5RV2AMVQ8;
				GENERATE_INFOPLIST_FILE = YES;
				INFOPLIST_FILE = JsonRickAndMorty/Info.plist;
				INFOPLIST_KEY_UIApplicationSupportsIndirectInputEvents = YES;
				INFOPLIST_KEY_UILaunchStoryboardName = LaunchScreen;
				INFOPLIST_KEY_UIMainStoryboardFile = Main;
				INFOPLIST_KEY_UISupportedInterfaceOrientations_iPad = "UIInterfaceOrientationPortrait UIInterfaceOrientationPortraitUpsideDown UIInterfaceOrientationLandscapeLeft UIInterfaceOrientationLandscapeRight";
				INFOPLIST_KEY_UISupportedInterfaceOrientations_iPhone = "UIInterfaceOrientationPortrait UIInterfaceOrientationLandscapeLeft UIInterfaceOrientationLandscapeRight";
				LD_RUNPATH_SEARCH_PATHS = (
					"$(inherited)",
					"@executable_path/Frameworks",
				);
				MARKETING_VERSION = 1.0;
				PRODUCT_BUNDLE_IDENTIFIER = Bogdan.JsonRickAndMorty;
				PRODUCT_NAME = "$(TARGET_NAME)";
				SWIFT_EMIT_LOC_STRINGS = YES;
				SWIFT_VERSION = 5.0;
				TARGETED_DEVICE_FAMILY = 1;
			};
			name = Release;
		};
/* End XCBuildConfiguration section */

/* Begin XCConfigurationList section */
		9C08940327B263B500769835 /* Build configuration list for PBXProject "JsonRickAndMorty" */ = {
			isa = XCConfigurationList;
			buildConfigurations = (
				9C08941A27B263B600769835 /* Debug */,
				9C08941B27B263B600769835 /* Release */,
			);
			defaultConfigurationIsVisible = 0;
			defaultConfigurationName = Release;
		};
		9C08941C27B263B600769835 /* Build configuration list for PBXNativeTarget "JsonRickAndMorty" */ = {
			isa = XCConfigurationList;
			buildConfigurations = (
				9C08941D27B263B600769835 /* Debug */,
				9C08941E27B263B600769835 /* Release */,
			);
			defaultConfigurationIsVisible = 0;
			defaultConfigurationName = Release;
		};
/* End XCConfigurationList section */
	};
	rootObject = 9C08940027B263B500769835 /* Project object */;
}
